{
  "name": "Tarea3-Criptografia",
  "version": "1.0.0",
  "lockfileVersion": 1,
  "requires": true,
  "dependencies": {
    "crypto-js": {
      "version": "4.0.0",
      "resolved": "https://registry.npmjs.org/crypto-js/-/crypto-js-4.0.0.tgz",
      "integrity": "sha512-bzHZN8Pn+gS7DQA6n+iUmBfl0hO5DJq++QP3U6uTucDtk/0iGpXd/Gg7CGR0p8tJhofJyaKoWBuJI4eAO00BBg=="
    },
    "is-buffer": {
      "version": "2.0.4",
      "resolved": "https://registry.npmjs.org/is-buffer/-/is-buffer-2.0.4.tgz",
      "integrity": "sha512-Kq1rokWXOPXWuaMAqZiJW4XxsmD9zGx9q4aePabbn3qCRGedtH7Cm+zV8WETitMfu1wdh+Rvd6w5egwSngUX2A=="
    },
    "npm-rc4": {
      "version": "1.0.9",
      "resolved": "https://registry.npmjs.org/npm-rc4/-/npm-rc4-1.0.9.tgz",
      "integrity": "sha512-T0PuxPf5PCOnb4+rvMV+tQxR0YlaI20SnY+7MO8FWhJ/4GDOyD0KiCJ3cNJOoNdxQKNCZTk68FFOMV62t1Vbsg=="
    },
    "rc4-crypt": {
      "version": "1.0.0",
      "resolved": "https://registry.npmjs.org/rc4-crypt/-/rc4-crypt-1.0.0.tgz",
      "integrity": "sha512-caxiLR0o3H5yxFeUuN6uDLrSWi85WZct2/zGYsXmKVFwDvKwCb6MTDt7PFu7wTg5M2iZbPCHLlW7lNDcd5wudQ==",
      "requires": {
        "is-buffer": "^2.0.3"
      }
    },
    "rc4.js": {
      "version": "1.2.0",
      "resolved": "https://registry.npmjs.org/rc4.js/-/rc4.js-1.2.0.tgz",
      "integrity": "sha1-KUkYa/CqLbNYS246oK2TLST5oho="
    }
  }
}
